
Microsoft Visual Studio Solution File, Format Version 12.00
# Visual Studio Version 16
VisualStudioVersion = 16.0.810.22
MinimumVisualStudioVersion = 10.0.40219.1
Project("{FAE04EC0-301F-11D3-BF4B-00C04F79EFBC}") = "FileStreamCharacterBased", "FileStreamCharacterBased\FileStreamCharacterBased.csproj", "{165328D0-CB67-468F-9DD5-383688A588D1}"
EndProject
Global
	GlobalSection(SolutionConfigurationPlatforms) = preSolution
		Debug|Any CPU = Debug|Any CPU
		Release|Any CPU = Release|Any CPU
	EndGlobalSection
	GlobalSection(ProjectConfigurationPlatforms) = postSolution
		{165328D0-CB67-468F-9DD5-383688A588D1}.Debug|Any CPU.ActiveCfg = Debug|Any CPU
		{165328D0-CB67-468F-9DD5-383688A588D1}.Debug|Any CPU.Build.0 = Debug|Any CPU
		{165328D0-CB67-468F-9DD5-383688A588D1}.Release|Any CPU.ActiveCfg = Release|Any CPU
		{165328D0-CB67-468F-9DD5-383688A588D1}.Release|Any CPU.Build.0 = Release|Any CPU
	EndGlobalSection
	GlobalSection(SolutionProperties) = preSolution
		HideSolutionNode = FALSE
	EndGlobalSection
	GlobalSection(ExtensibilityGlobals) = postSolution
		SolutionGuid = {B42B2645-5713-450A-B267-C60A0836BC0E}
	EndGlobalSection
EndGlobal
