
Microsoft Visual Studio Solution File, Format Version 12.00
# Visual Studio Version 16
VisualStudioVersion = 16.0.810.22
MinimumVisualStudioVersion = 10.0.40219.1
Project("{FAE04EC0-301F-11D3-BF4B-00C04F79EFBC}") = "FileStream", "FileStream\FileStream.csproj", "{BB896690-8495-4CDD-B419-13D503CACFC3}"
EndProject
Global
	GlobalSection(SolutionConfigurationPlatforms) = preSolution
		Debug|Any CPU = Debug|Any CPU
		Release|Any CPU = Release|Any CPU
	EndGlobalSection
	GlobalSection(ProjectConfigurationPlatforms) = postSolution
		{BB896690-8495-4CDD-B419-13D503CACFC3}.Debug|Any CPU.ActiveCfg = Debug|Any CPU
		{BB896690-8495-4CDD-B419-13D503CACFC3}.Debug|Any CPU.Build.0 = Debug|Any CPU
		{BB896690-8495-4CDD-B419-13D503CACFC3}.Release|Any CPU.ActiveCfg = Release|Any CPU
		{BB896690-8495-4CDD-B419-13D503CACFC3}.Release|Any CPU.Build.0 = Release|Any CPU
	EndGlobalSection
	GlobalSection(SolutionProperties) = preSolution
		HideSolutionNode = FALSE
	EndGlobalSection
	GlobalSection(ExtensibilityGlobals) = postSolution
		SolutionGuid = {79502496-747C-4ACB-8171-95663A9A9DC0}
	EndGlobalSection
EndGlobal
