
Microsoft Visual Studio Solution File, Format Version 12.00
# Visual Studio Version 16
VisualStudioVersion = 16.0.810.22
MinimumVisualStudioVersion = 10.0.40219.1
Project("{FAE04EC0-301F-11D3-BF4B-00C04F79EFBC}") = "AccessModifier", "AccessModifier\AccessModifier.csproj", "{ECC7DB50-DAE1-4798-9B2D-2DB9AE284444}"
EndProject
Global
	GlobalSection(SolutionConfigurationPlatforms) = preSolution
		Debug|Any CPU = Debug|Any CPU
		Release|Any CPU = Release|Any CPU
	EndGlobalSection
	GlobalSection(ProjectConfigurationPlatforms) = postSolution
		{ECC7DB50-DAE1-4798-9B2D-2DB9AE284444}.Debug|Any CPU.ActiveCfg = Debug|Any CPU
		{ECC7DB50-DAE1-4798-9B2D-2DB9AE284444}.Debug|Any CPU.Build.0 = Debug|Any CPU
		{ECC7DB50-DAE1-4798-9B2D-2DB9AE284444}.Release|Any CPU.ActiveCfg = Release|Any CPU
		{ECC7DB50-DAE1-4798-9B2D-2DB9AE284444}.Release|Any CPU.Build.0 = Release|Any CPU
	EndGlobalSection
	GlobalSection(SolutionProperties) = preSolution
		HideSolutionNode = FALSE
	EndGlobalSection
	GlobalSection(ExtensibilityGlobals) = postSolution
		SolutionGuid = {55770EFA-8E76-43D2-AB0D-FFBAA3C72259}
	EndGlobalSection
EndGlobal
