
Microsoft Visual Studio Solution File, Format Version 12.00
# Visual Studio Version 16
VisualStudioVersion = 16.0.810.22
MinimumVisualStudioVersion = 10.0.40219.1
Project("{FAE04EC0-301F-11D3-BF4B-00C04F79EFBC}") = "MultipleInheritance", "MultipleInheritance\MultipleInheritance.csproj", "{A6643CE2-6163-4165-95A1-FF9597A04E13}"
EndProject
Global
	GlobalSection(SolutionConfigurationPlatforms) = preSolution
		Debug|Any CPU = Debug|Any CPU
		Release|Any CPU = Release|Any CPU
	EndGlobalSection
	GlobalSection(ProjectConfigurationPlatforms) = postSolution
		{A6643CE2-6163-4165-95A1-FF9597A04E13}.Debug|Any CPU.ActiveCfg = Debug|Any CPU
		{A6643CE2-6163-4165-95A1-FF9597A04E13}.Debug|Any CPU.Build.0 = Debug|Any CPU
		{A6643CE2-6163-4165-95A1-FF9597A04E13}.Release|Any CPU.ActiveCfg = Release|Any CPU
		{A6643CE2-6163-4165-95A1-FF9597A04E13}.Release|Any CPU.Build.0 = Release|Any CPU
	EndGlobalSection
	GlobalSection(SolutionProperties) = preSolution
		HideSolutionNode = FALSE
	EndGlobalSection
	GlobalSection(ExtensibilityGlobals) = postSolution
		SolutionGuid = {64EA1752-722D-4339-9329-BA0342889200}
	EndGlobalSection
EndGlobal
