
Microsoft Visual Studio Solution File, Format Version 12.00
# Visual Studio Version 16
VisualStudioVersion = 16.0.810.22
MinimumVisualStudioVersion = 10.0.40219.1
Project("{FAE04EC0-301F-11D3-BF4B-00C04F79EFBC}") = "AbstractClass", "AbstractClass\AbstractClass.csproj", "{4F6AA763-E103-4DE9-8DFC-E09813A82DB0}"
EndProject
Global
	GlobalSection(SolutionConfigurationPlatforms) = preSolution
		Debug|Any CPU = Debug|Any CPU
		Release|Any CPU = Release|Any CPU
	EndGlobalSection
	GlobalSection(ProjectConfigurationPlatforms) = postSolution
		{4F6AA763-E103-4DE9-8DFC-E09813A82DB0}.Debug|Any CPU.ActiveCfg = Debug|Any CPU
		{4F6AA763-E103-4DE9-8DFC-E09813A82DB0}.Debug|Any CPU.Build.0 = Debug|Any CPU
		{4F6AA763-E103-4DE9-8DFC-E09813A82DB0}.Release|Any CPU.ActiveCfg = Release|Any CPU
		{4F6AA763-E103-4DE9-8DFC-E09813A82DB0}.Release|Any CPU.Build.0 = Release|Any CPU
	EndGlobalSection
	GlobalSection(SolutionProperties) = preSolution
		HideSolutionNode = FALSE
	EndGlobalSection
	GlobalSection(ExtensibilityGlobals) = postSolution
		SolutionGuid = {29AADF75-FB04-4201-B6A3-98211749BE9B}
	EndGlobalSection
EndGlobal
