
Microsoft Visual Studio Solution File, Format Version 12.00
# Visual Studio Version 16
VisualStudioVersion = 16.0.810.22
MinimumVisualStudioVersion = 10.0.40219.1
Project("{FAE04EC0-301F-11D3-BF4B-00C04F79EFBC}") = "MethodOverloading", "MethodOverloading\MethodOverloading.csproj", "{8FBBEF0C-0013-4664-B31C-81376AAC46DA}"
EndProject
Global
	GlobalSection(SolutionConfigurationPlatforms) = preSolution
		Debug|Any CPU = Debug|Any CPU
		Release|Any CPU = Release|Any CPU
	EndGlobalSection
	GlobalSection(ProjectConfigurationPlatforms) = postSolution
		{8FBBEF0C-0013-4664-B31C-81376AAC46DA}.Debug|Any CPU.ActiveCfg = Debug|Any CPU
		{8FBBEF0C-0013-4664-B31C-81376AAC46DA}.Debug|Any CPU.Build.0 = Debug|Any CPU
		{8FBBEF0C-0013-4664-B31C-81376AAC46DA}.Release|Any CPU.ActiveCfg = Release|Any CPU
		{8FBBEF0C-0013-4664-B31C-81376AAC46DA}.Release|Any CPU.Build.0 = Release|Any CPU
	EndGlobalSection
	GlobalSection(SolutionProperties) = preSolution
		HideSolutionNode = FALSE
	EndGlobalSection
	GlobalSection(ExtensibilityGlobals) = postSolution
		SolutionGuid = {CD9CA2B0-AE30-443A-BA73-475DA27BC64E}
	EndGlobalSection
EndGlobal
